
Microsoft Visual Studio Solution File, Format Version 12.00
# Visual Studio Version 16
VisualStudioVersion = 16.0.30128.74
MinimumVisualStudioVersion = 10.0.40219.1
Project("{FAE04EC0-301F-11D3-BF4B-00C04F79EFBC}") = "ZStickerCreator", "ZStickerCreator\ZStickerCreator.csproj", "{75545426-6A1E-4385-B74F-FFC9D1E17127}"
EndProject
Global
	GlobalSection(SolutionConfigurationPlatforms) = preSolution
		Debug|Any CPU = Debug|Any CPU
		Release|Any CPU = Release|Any CPU
	EndGlobalSection
	GlobalSection(ProjectConfigurationPlatforms) = postSolution
		{75545426-6A1E-4385-B74F-FFC9D1E17127}.Debug|Any CPU.ActiveCfg = Debug|Any CPU
		{75545426-6A1E-4385-B74F-FFC9D1E17127}.Debug|Any CPU.Build.0 = Debug|Any CPU
		{75545426-6A1E-4385-B74F-FFC9D1E17127}.Release|Any CPU.ActiveCfg = Release|Any CPU
		{75545426-6A1E-4385-B74F-FFC9D1E17127}.Release|Any CPU.Build.0 = Release|Any CPU
	EndGlobalSection
	GlobalSection(SolutionProperties) = preSolution
		HideSolutionNode = FALSE
	EndGlobalSection
	GlobalSection(ExtensibilityGlobals) = postSolution
		SolutionGuid = {3D4B2BAF-15F3-4DE5-97AC-6768A0D2EAFA}
	EndGlobalSection
EndGlobal
